
Microsoft Visual Studio Solution File, Format Version 12.00
# Visual Studio Version 16
VisualStudioVersion = 16.0.29806.167
MinimumVisualStudioVersion = 10.0.40219.1
Project("{8BC9CEB8-8B4A-11D0-8D11-00A0C91BC942}") = "Lab 1_ZhikangChen", "Lab 1\Lab 1.vcxproj", "{E712627C-FF98-4EC5-BC2B-73CA6A1FD31A}"
EndProject
Project("{8BC9CEB8-8B4A-11D0-8D11-00A0C91BC942}") = "Lab 2", "Lab 2\Lab 2.vcxproj", "{22760986-590F-4E86-8423-626C14597E93}"
EndProject
Project("{8BC9CEB8-8B4A-11D0-8D11-00A0C91BC942}") = "Lab 3", "Lab 3\Lab 3.vcxproj", "{6B2B92E2-01E6-4750-B028-16F8632E35A0}"
EndProject
Project("{8BC9CEB8-8B4A-11D0-8D11-00A0C91BC942}") = "Lab 4", "Lab 4\Lab 4.vcxproj", "{F89BF637-4DAB-4E8E-A6F0-06F6A4681A35}"
EndProject
Project("{8BC9CEB8-8B4A-11D0-8D11-00A0C91BC942}") = "Lab 5", "Lab 5\Lab 5.vcxproj", "{13178AF0-1DF3-4CAE-B913-39DAA7292C45}"
EndProject
Global
	GlobalSection(SolutionConfigurationPlatforms) = preSolution
		Debug|x64 = Debug|x64
		Debug|x86 = Debug|x86
		Release|x64 = Release|x64
		Release|x86 = Release|x86
	EndGlobalSection
	GlobalSection(ProjectConfigurationPlatforms) = postSolution
		{E712627C-FF98-4EC5-BC2B-73CA6A1FD31A}.Debug|x64.ActiveCfg = Debug|x64
		{E712627C-FF98-4EC5-BC2B-73CA6A1FD31A}.Debug|x64.Build.0 = Debug|x64
		{E712627C-FF98-4EC5-BC2B-73CA6A1FD31A}.Debug|x86.ActiveCfg = Debug|Win32
		{E712627C-FF98-4EC5-BC2B-73CA6A1FD31A}.Debug|x86.Build.0 = Debug|Win32
		{E712627C-FF98-4EC5-BC2B-73CA6A1FD31A}.Release|x64.ActiveCfg = Release|x64
		{E712627C-FF98-4EC5-BC2B-73CA6A1FD31A}.Release|x64.Build.0 = Release|x64
		{E712627C-FF98-4EC5-BC2B-73CA6A1FD31A}.Release|x86.ActiveCfg = Release|Win32
		{E712627C-FF98-4EC5-BC2B-73CA6A1FD31A}.Release|x86.Build.0 = Release|Win32
		{22760986-590F-4E86-8423-626C14597E93}.Debug|x64.ActiveCfg = Debug|x64
		{22760986-590F-4E86-8423-626C14597E93}.Debug|x64.Build.0 = Debug|x64
		{22760986-590F-4E86-8423-626C14597E93}.Debug|x86.ActiveCfg = Debug|Win32
		{22760986-590F-4E86-8423-626C14597E93}.Debug|x86.Build.0 = Debug|Win32
		{22760986-590F-4E86-8423-626C14597E93}.Release|x64.ActiveCfg = Release|x64
		{22760986-590F-4E86-8423-626C14597E93}.Release|x64.Build.0 = Release|x64
		{22760986-590F-4E86-8423-626C14597E93}.Release|x86.ActiveCfg = Release|Win32
		{22760986-590F-4E86-8423-626C14597E93}.Release|x86.Build.0 = Release|Win32
		{6B2B92E2-01E6-4750-B028-16F8632E35A0}.Debug|x64.ActiveCfg = Debug|x64
		{6B2B92E2-01E6-4750-B028-16F8632E35A0}.Debug|x64.Build.0 = Debug|x64
		{6B2B92E2-01E6-4750-B028-16F8632E35A0}.Debug|x86.ActiveCfg = Debug|Win32
		{6B2B92E2-01E6-4750-B028-16F8632E35A0}.Debug|x86.Build.0 = Debug|Win32
		{6B2B92E2-01E6-4750-B028-16F8632E35A0}.Release|x64.ActiveCfg = Release|x64
		{6B2B92E2-01E6-4750-B028-16F8632E35A0}.Release|x64.Build.0 = Release|x64
		{6B2B92E2-01E6-4750-B028-16F8632E35A0}.Release|x86.ActiveCfg = Release|Win32
		{6B2B92E2-01E6-4750-B028-16F8632E35A0}.Release|x86.Build.0 = Release|Win32
		{F89BF637-4DAB-4E8E-A6F0-06F6A4681A35}.Debug|x64.ActiveCfg = Debug|x64
		{F89BF637-4DAB-4E8E-A6F0-06F6A4681A35}.Debug|x64.Build.0 = Debug|x64
		{F89BF637-4DAB-4E8E-A6F0-06F6A4681A35}.Debug|x86.ActiveCfg = Debug|Win32
		{F89BF637-4DAB-4E8E-A6F0-06F6A4681A35}.Debug|x86.Build.0 = Debug|Win32
		{F89BF637-4DAB-4E8E-A6F0-06F6A4681A35}.Release|x64.ActiveCfg = Release|x64
		{F89BF637-4DAB-4E8E-A6F0-06F6A4681A35}.Release|x64.Build.0 = Release|x64
		{F89BF637-4DAB-4E8E-A6F0-06F6A4681A35}.Release|x86.ActiveCfg = Release|Win32
		{F89BF637-4DAB-4E8E-A6F0-06F6A4681A35}.Release|x86.Build.0 = Release|Win32
		{13178AF0-1DF3-4CAE-B913-39DAA7292C45}.Debug|x64.ActiveCfg = Debug|x64
		{13178AF0-1DF3-4CAE-B913-39DAA7292C45}.Debug|x64.Build.0 = Debug|x64
		{13178AF0-1DF3-4CAE-B913-39DAA7292C45}.Debug|x86.ActiveCfg = Debug|Win32
		{13178AF0-1DF3-4CAE-B913-39DAA7292C45}.Debug|x86.Build.0 = Debug|Win32
		{13178AF0-1DF3-4CAE-B913-39DAA7292C45}.Release|x64.ActiveCfg = Release|x64
		{13178AF0-1DF3-4CAE-B913-39DAA7292C45}.Release|x64.Build.0 = Release|x64
		{13178AF0-1DF3-4CAE-B913-39DAA7292C45}.Release|x86.ActiveCfg = Release|Win32
		{13178AF0-1DF3-4CAE-B913-39DAA7292C45}.Release|x86.Build.0 = Release|Win32
	EndGlobalSection
	GlobalSection(SolutionProperties) = preSolution
		HideSolutionNode = FALSE
	EndGlobalSection
	GlobalSection(ExtensibilityGlobals) = postSolution
		SolutionGuid = {21EBB632-F4D8-478D-B4E6-6C4D321E996A}
	EndGlobalSection
EndGlobal
